// !$*UTF8*$!
{
	archiveVersion = 1;
	classes = {
	};
	objectVersion = 46;
	objects = {

/* Begin PBXBuildFile section */
		63E131D11905894500682160 /* Foundation.framework in Frameworks */ = {isa = PBXBuildFile; fileRef = 63E131D01905894500682160 /* Foundation.framework */; };
		63E131D31905894500682160 /* CoreGraphics.framework in Frameworks */ = {isa = PBXBuildFile; fileRef = 63E131D21905894500682160 /* CoreGraphics.framework */; };
		63E131D51905894500682160 /* UIKit.framework in Frameworks */ = {isa = PBXBuildFile; fileRef = 63E131D41905894500682160 /* UIKit.framework */; };
		63E131DB1905894500682160 /* InfoPlist.strings in Resources */ = {isa = PBXBuildFile; fileRef = 63E131D91905894500682160 /* InfoPlist.strings */; };
		63E131DD1905894500682160 /* main.m in Sources */ = {isa = PBXBuildFile; fileRef = 63E131DC1905894500682160 /* main.m */; };
		63E131E11905894500682160 /* AppDelegate.m in Sources */ = {isa = PBXBuildFile; fileRef = 63E131E01905894500682160 /* AppDelegate.m */; };
		63E131E41905894500682160 /* Main.storyboard in Resources */ = {isa = PBXBuildFile; fileRef = 63E131E21905894500682160 /* Main.storyboard */; };
		63E131E71905894500682160 /* ViewController.m in Sources */ = {isa = PBXBuildFile; fileRef = 63E131E61905894500682160 /* ViewController.m */; };
		63E131E91905894500682160 /* Images.xcassets in Resources */ = {isa = PBXBuildFile; fileRef = 63E131E81905894500682160 /* Images.xcassets */; };
		63E131F01905894500682160 /* XCTest.framework in Frameworks */ = {isa = PBXBuildFile; fileRef = 63E131EF1905894500682160 /* XCTest.framework */; };
		63E131F11905894500682160 /* Foundation.framework in Frameworks */ = {isa = PBXBuildFile; fileRef = 63E131D01905894500682160 /* Foundation.framework */; };
		63E131F21905894500682160 /* UIKit.framework in Frameworks */ = {isa = PBXBuildFile; fileRef = 63E131D41905894500682160 /* UIKit.framework */; };
		63E131FA1905894500682160 /* InfoPlist.strings in Resources */ = {isa = PBXBuildFile; fileRef = 63E131F81905894500682160 /* InfoPlist.strings */; };
		63E131FC1905894500682160 /* CountDownTests.m in Sources */ = {isa = PBXBuildFile; fileRef = 63E131FB1905894500682160 /* CountDownTests.m */; };
/* End PBXBuildFile section */

/* Begin PBXContainerItemProxy section */
		63E131F31905894500682160 /* PBXContainerItemProxy */ = {
			isa = PBXContainerItemProxy;
			containerPortal = 63E131C51905894500682160 /* Project object */;
			proxyType = 1;
			remoteGlobalIDString = 63E131CC1905894500682160;
			remoteInfo = CountDown;
		};
/* End PBXContainerItemProxy section */

/* Begin PBXFileReference section */
		63E131CD1905894500682160 /* CountDown.app */ = {isa = PBXFileReference; explicitFileType = wrapper.application; includeInIndex = 0; path = CountDown.app; sourceTree = BUILT_PRODUCTS_DIR; };
		63E131D01905894500682160 /* Foundation.framework */ = {isa = PBXFileReference; lastKnownFileType = wrapper.framework; name = Foundation.framework; path = System/Library/Frameworks/Foundation.framework; sourceTree = SDKROOT; };
		63E131D21905894500682160 /* CoreGraphics.framework */ = {isa = PBXFileReference; lastKnownFileType = wrapper.framework; name = CoreGraphics.framework; path = System/Library/Frameworks/CoreGraphics.framework; sourceTree = SDKROOT; };
		63E131D41905894500682160 /* UIKit.framework */ = {isa = PBXFileReference; lastKnownFileType = wrapper.framework; name = UIKit.framework; path = System/Library/Frameworks/UIKit.framework; sourceTree = SDKROOT; };
		63E131D81905894500682160 /* CountDown-Info.plist */ = {isa = PBXFileReference; lastKnownFileType = text.plist.xml; path = "CountDown-Info.plist"; sourceTree = "<group>"; };
		63E131DA1905894500682160 /* en */ = {isa = PBXFileReference; lastKnownFileType = text.plist.strings; name = en; path = en.lproj/InfoPlist.strings; sourceTree = "<group>"; };
		63E131DC1905894500682160 /* main.m */ = {isa = PBXFileReference; lastKnownFileType = sourcecode.c.objc; path = main.m; sourceTree = "<group>"; };
		63E131DE1905894500682160 /* CountDown-Prefix.pch */ = {isa = PBXFileReference; lastKnownFileType = sourcecode.c.h; path = "CountDown-Prefix.pch"; sourceTree = "<group>"; };
		63E131DF1905894500682160 /* AppDelegate.h */ = {isa = PBXFileReference; lastKnownFileType = sourcecode.c.h; path = AppDelegate.h; sourceTree = "<group>"; };
		63E131E01905894500682160 /* AppDelegate.m */ = {isa = PBXFileReference; lastKnownFileType = sourcecode.c.objc; path = AppDelegate.m; sourceTree = "<group>"; };
		63E131E31905894500682160 /* Base */ = {isa = PBXFileReference; lastKnownFileType = file.storyboard; name = Base; path = Base.lproj/Main.storyboard; sourceTree = "<group>"; };
		63E131E51905894500682160 /* ViewController.h */ = {isa = PBXFileReference; lastKnownFileType = sourcecode.c.h; path = ViewController.h; sourceTree = "<group>"; };
		63E131E61905894500682160 /* ViewController.m */ = {isa = PBXFileReference; lastKnownFileType = sourcecode.c.objc; path = ViewController.m; sourceTree = "<group>"; };
		63E131E81905894500682160 /* Images.xcassets */ = {isa = PBXFileReference; lastKnownFileType = folder.assetcatalog; path = Images.xcassets; sourceTree = "<group>"; };
		63E131EE1905894500682160 /* CountDownTests.xctest */ = {isa = PBXFileReference; explicitFileType = wrapper.cfbundle; includeInIndex = 0; path = CountDownTests.xctest; sourceTree = BUILT_PRODUCTS_DIR; };
		63E131EF1905894500682160 /* XCTest.framework */ = {isa = PBXFileReference; lastKnownFileType = wrapper.framework; name = XCTest.framework; path = Library/Frameworks/XCTest.framework; sourceTree = DEVELOPER_DIR; };
		63E131F71905894500682160 /* CountDownTests-Info.plist */ = {isa = PBXFileReference; lastKnownFileType = text.plist.xml; path = "CountDownTests-Info.plist"; sourceTree = "<group>"; };
		63E131F91905894500682160 /* en */ = {isa = PBXFileReference; lastKnownFileType = text.plist.strings; name = en; path = en.lproj/InfoPlist.strings; sourceTree = "<group>"; };
		63E131FB1905894500682160 /* CountDownTests.m */ = {isa = PBXFileReference; lastKnownFileType = sourcecode.c.objc; path = CountDownTests.m; sourceTree = "<group>"; };
/* End PBXFileReference section */

/* Begin PBXFrameworksBuildPhase section */
		63E131CA1905894500682160 /* Frameworks */ = {
			isa = PBXFrameworksBuildPhase;
			buildActionMask = 2147483647;
			files = (
				63E131D31905894500682160 /* CoreGraphics.framework in Frameworks */,
				63E131D51905894500682160 /* UIKit.framework in Frameworks */,
				63E131D11905894500682160 /* Foundation.framework in Frameworks */,
			);
			runOnlyForDeploymentPostprocessing = 0;
		};
		63E131EB1905894500682160 /* Frameworks */ = {
			isa = PBXFrameworksBuildPhase;
			buildActionMask = 2147483647;
			files = (
				63E131F01905894500682160 /* XCTest.framework in Frameworks */,
				63E131F21905894500682160 /* UIKit.framework in Frameworks */,
				63E131F11905894500682160 /* Foundation.framework in Frameworks */,
			);
			runOnlyForDeploymentPostprocessing = 0;
		};
/* End PBXFrameworksBuildPhase section */

/* Begin PBXGroup section */
		63E131C41905894500682160 = {
			isa = PBXGroup;
			children = (
				63E131D61905894500682160 /* CountDown */,
				63E131F51905894500682160 /* CountDownTests */,
				63E131CF1905894500682160 /* Frameworks */,
				63E131CE1905894500682160 /* Products */,
			);
			sourceTree = "<group>";
		};
		63E131CE1905894500682160 /* Products */ = {
			isa = PBXGroup;
			children = (
				63E131CD1905894500682160 /* CountDown.app */,
				63E131EE1905894500682160 /* CountDownTests.xctest */,
			);
			name = Products;
			sourceTree = "<group>";
		};
		63E131CF1905894500682160 /* Frameworks */ = {
			isa = PBXGroup;
			children = (
				63E131D01905894500682160 /* Foundation.framework */,
				63E131D21905894500682160 /* CoreGraphics.framework */,
				63E131D41905894500682160 /* UIKit.framework */,
				63E131EF1905894500682160 /* XCTest.framework */,
			);
			name = Frameworks;
			sourceTree = "<group>";
		};
		63E131D61905894500682160 /* CountDown */ = {
			isa = PBXGroup;
			children = (
				63E131DF1905894500682160 /* AppDelegate.h */,
				63E131E01905894500682160 /* AppDelegate.m */,
				63E131E21905894500682160 /* Main.storyboard */,
				63E131E51905894500682160 /* ViewController.h */,
				63E131E61905894500682160 /* ViewController.m */,
				63E131E81905894500682160 /* Images.xcassets */,
				63E131D71905894500682160 /* Supporting Files */,
			);
			path = CountDown;
			sourceTree = "<group>";
		};
		63E131D71905894500682160 /* Supporting Files */ = {
			isa = PBXGroup;
			children = (
				63E131D81905894500682160 /* CountDown-Info.plist */,
				63E131D91905894500682160 /* InfoPlist.strings */,
				63E131DC1905894500682160 /* main.m */,
				63E131DE1905894500682160 /* CountDown-Prefix.pch */,
			);
			name = "Supporting Files";
			sourceTree = "<group>";
		};
		63E131F51905894500682160 /* CountDownTests */ = {
			isa = PBXGroup;
			children = (
				63E131FB1905894500682160 /* CountDownTests.m */,
				63E131F61905894500682160 /* Supporting Files */,
			);
			path = CountDownTests;
			sourceTree = "<group>";
		};
		63E131F61905894500682160 /* Supporting Files */ = {
			isa = PBXGroup;
			children = (
				63E131F71905894500682160 /* CountDownTests-Info.plist */,
				63E131F81905894500682160 /* InfoPlist.strings */,
			);
			name = "Supporting Files";
			sourceTree = "<group>";
		};
/* End PBXGroup section */

/* Begin PBXNativeTarget section */
		63E131CC1905894500682160 /* CountDown */ = {
			isa = PBXNativeTarget;
			buildConfigurationList = 63E131FF1905894500682160 /* Build configuration list for PBXNativeTarget "CountDown" */;
			buildPhases = (
				63E131C91905894500682160 /* Sources */,
				63E131CA1905894500682160 /* Frameworks */,
				63E131CB1905894500682160 /* Resources */,
			);
			buildRules = (
			);
			dependencies = (
			);
			name = CountDown;
			productName = CountDown;
			productReference = 63E131CD1905894500682160 /* CountDown.app */;
			productType = "com.apple.product-type.application";
		};
		63E131ED1905894500682160 /* CountDownTests */ = {
			isa = PBXNativeTarget;
			buildConfigurationList = 63E132021905894500682160 /* Build configuration list for PBXNativeTarget "CountDownTests" */;
			buildPhases = (
				63E131EA1905894500682160 /* Sources */,
				63E131EB1905894500682160 /* Frameworks */,
				63E131EC1905894500682160 /* Resources */,
			);
			buildRules = (
			);
			dependencies = (
				63E131F41905894500682160 /* PBXTargetDependency */,
			);
			name = CountDownTests;
			productName = CountDownTests;
			productReference = 63E131EE1905894500682160 /* CountDownTests.xctest */;
			productType = "com.apple.product-type.bundle.unit-test";
		};
/* End PBXNativeTarget section */

/* Begin PBXProject section */
		63E131C51905894500682160 /* Project object */ = {
			isa = PBXProject;
			attributes = {
				LastUpgradeCheck = 0510;
				ORGANIZATIONNAME = "Dummy Code";
				TargetAttributes = {
					63E131ED1905894500682160 = {
						TestTargetID = 63E131CC1905894500682160;
					};
				};
			};
			buildConfigurationList = 63E131C81905894500682160 /* Build configuration list for PBXProject "CountDown" */;
			compatibilityVersion = "Xcode 3.2";
			developmentRegion = English;
			hasScannedForEncodings = 0;
			knownRegions = (
				en,
				Base,
			);
			mainGroup = 63E131C41905894500682160;
			productRefGroup = 63E131CE1905894500682160 /* Products */;
			projectDirPath = "";
			projectRoot = "";
			targets = (
				63E131CC1905894500682160 /* CountDown */,
				63E131ED1905894500682160 /* CountDownTests */,
			);
		};
/* End PBXProject section */

/* Begin PBXResourcesBuildPhase section */
		63E131CB1905894500682160 /* Resources */ = {
			isa = PBXResourcesBuildPhase;
			buildActionMask = 2147483647;
			files = (
				63E131E91905894500682160 /* Images.xcassets in Resources */,
				63E131DB1905894500682160 /* InfoPlist.strings in Resources */,
				63E131E41905894500682160 /* Main.storyboard in Resources */,
			);
			runOnlyForDeploymentPostprocessing = 0;
		};
		63E131EC1905894500682160 /* Resources */ = {
			isa = PBXResourcesBuildPhase;
			buildActionMask = 2147483647;
			files = (
				63E131FA1905894500682160 /* InfoPlist.strings in Resources */,
			);
			runOnlyForDeploymentPostprocessing = 0;
		};
/* End PBXResourcesBuildPhase section */

/* Begin PBXSourcesBuildPhase section */
		63E131C91905894500682160 /* Sources */ = {
			isa = PBXSourcesBuildPhase;
			buildActionMask = 2147483647;
			files = (
				63E131E71905894500682160 /* ViewController.m in Sources */,
				63E131E11905894500682160 /* AppDelegate.m in Sources */,
				63E131DD1905894500682160 /* main.m in Sources */,
			);
			runOnlyForDeploymentPostprocessing = 0;
		};
		63E131EA1905894500682160 /* Sources */ = {
			isa = PBXSourcesBuildPhase;
			buildActionMask = 2147483647;
			files = (
				63E131FC1905894500682160 /* CountDownTests.m in Sources */,
			);
			runOnlyForDeploymentPostprocessing = 0;
		};
/* End PBXSourcesBuildPhase section */

/* Begin PBXTargetDependency section */
		63E131F41905894500682160 /* PBXTargetDependency */ = {
			isa = PBXTargetDependency;
			target = 63E131CC1905894500682160 /* CountDown */;
			targetProxy = 63E131F31905894500682160 /* PBXContainerItemProxy */;
		};
/* End PBXTargetDependency section */

/* Begin PBXVariantGroup section */
		63E131D91905894500682160 /* InfoPlist.strings */ = {
			isa = PBXVariantGroup;
			children = (
				63E131DA1905894500682160 /* en */,
			);
			name = InfoPlist.strings;
			sourceTree = "<group>";
		};
		63E131E21905894500682160 /* Main.storyboard */ = {
			isa = PBXVariantGroup;
			children = (
				63E131E31905894500682160 /* Base */,
			);
			name = Main.storyboard;
			sourceTree = "<group>";
		};
		63E131F81905894500682160 /* InfoPlist.strings */ = {
			isa = PBXVariantGroup;
			children = (
				63E131F91905894500682160 /* en */,
			);
			name = InfoPlist.strings;
			sourceTree = "<group>";
		};
/* End PBXVariantGroup section */

/* Begin XCBuildConfiguration section */
		63E131FD1905894500682160 /* Debug */ = {
			isa = XCBuildConfiguration;
			buildSettings = {
				ALWAYS_SEARCH_USER_PATHS = NO;
				CLANG_CXX_LANGUAGE_STANDARD = "gnu++0x";
				CLANG_CXX_LIBRARY = "libc++";
				CLANG_ENABLE_MODULES = YES;
				CLANG_ENABLE_OBJC_ARC = YES;
				CLANG_WARN_BOOL_CONVERSION = YES;
				CLANG_WARN_CONSTANT_CONVERSION = YES;
				CLANG_WARN_DIRECT_OBJC_ISA_USAGE = YES_ERROR;
				CLANG_WARN_EMPTY_BODY = YES;
				CLANG_WARN_ENUM_CONVERSION = YES;
				CLANG_WARN_INT_CONVERSION = YES;
				CLANG_WARN_OBJC_ROOT_CLASS = YES_ERROR;
				CLANG_WARN__DUPLICATE_METHOD_MATCH = YES;
				"CODE_SIGN_IDENTITY[sdk=iphoneos*]" = "iPhone Developer";
				COPY_PHASE_STRIP = NO;
				GCC_C_LANGUAGE_STANDARD = gnu99;
				GCC_DYNAMIC_NO_PIC = NO;
				GCC_OPTIMIZATION_LEVEL = 0;
				GCC_PREPROCESSOR_DEFINITIONS = (
					"DEBUG=1",
					"$(inherited)",
				);
				GCC_SYMBOLS_PRIVATE_EXTERN = NO;
				GCC_WARN_64_TO_32_BIT_CONVERSION = YES;
				GCC_WARN_ABOUT_RETURN_TYPE = YES_ERROR;
				GCC_WARN_UNDECLARED_SELECTOR = YES;
				GCC_WARN_UNINITIALIZED_AUTOS = YES_AGGRESSIVE;
				GCC_WARN_UNUSED_FUNCTION = YES;
				GCC_WARN_UNUSED_VARIABLE = YES;
				IPHONEOS_DEPLOYMENT_TARGET = 7.1;
				ONLY_ACTIVE_ARCH = YES;
				SDKROOT = iphoneos;
			};
			name = Debug;
		};
		63E131FE1905894500682160 /* Release */ = {
			isa = XCBuildConfiguration;
			buildSettings = {
				ALWAYS_SEARCH_USER_PATHS = NO;
				CLANG_CXX_LANGUAGE_STANDARD = "gnu++0x";
				CLANG_CXX_LIBRARY = "libc++";
				CLANG_ENABLE_MODULES = YES;
				CLANG_ENABLE_OBJC_ARC = YES;
				CLANG_WARN_BOOL_CONVERSION = YES;
				CLANG_WARN_CONSTANT_CONVERSION = YES;
				CLANG_WARN_DIRECT_OBJC_ISA_USAGE = YES_ERROR;
				CLANG_WARN_EMPTY_BODY = YES;
				CLANG_WARN_ENUM_CONVERSION = YES;
				CLANG_WARN_INT_CONVERSION = YES;
				CLANG_WARN_OBJC_ROOT_CLASS = YES_ERROR;
				CLANG_WARN__DUPLICATE_METHOD_MATCH = YES;
				"CODE_SIGN_IDENTITY[sdk=iphoneos*]" = "iPhone Developer";
				COPY_PHASE_STRIP = YES;
				ENABLE_NS_ASSERTIONS = NO;
				GCC_C_LANGUAGE_STANDARD = gnu99;
				GCC_WARN_64_TO_32_BIT_CONVERSION = YES;
				GCC_WARN_ABOUT_RETURN_TYPE = YES_ERROR;
				GCC_WARN_UNDECLARED_SELECTOR = YES;
				GCC_WARN_UNINITIALIZED_AUTOS = YES_AGGRESSIVE;
				GCC_WARN_UNUSED_FUNCTION = YES;
				GCC_WARN_UNUSED_VARIABLE = YES;
				IPHONEOS_DEPLOYMENT_TARGET = 7.1;
				SDKROOT = iphoneos;
				VALIDATE_PRODUCT = YES;
			};
			name = Release;
		};
		63E132001905894500682160 /* Debug */ = {
			isa = XCBuildConfiguration;
			buildSettings = {
				ASSETCATALOG_COMPILER_APPICON_NAME = AppIcon;
				ASSETCATALOG_COMPILER_LAUNCHIMAGE_NAME = LaunchImage;
				GCC_PRECOMPILE_PREFIX_HEADER = YES;
				GCC_PREFIX_HEADER = "CountDown/CountDown-Prefix.pch";
				INFOPLIST_FILE = "CountDown/CountDown-Info.plist";
				PRODUCT_NAME = "$(TARGET_NAME)";
				WRAPPER_EXTENSION = app;
			};
			name = Debug;
		};
		63E132011905894500682160 /* Release */ = {
			isa = XCBuildConfiguration;
			buildSettings = {
				ASSETCATALOG_COMPILER_APPICON_NAME = AppIcon;
				ASSETCATALOG_COMPILER_LAUNCHIMAGE_NAME = LaunchImage;
				GCC_PRECOMPILE_PREFIX_HEADER = YES;
				GCC_PREFIX_HEADER = "CountDown/CountDown-Prefix.pch";
				INFOPLIST_FILE = "CountDown/CountDown-Info.plist";
				PRODUCT_NAME = "$(TARGET_NAME)";
				WRAPPER_EXTENSION = app;
			};
			name = Release;
		};
		63E132031905894500682160 /* Debug */ = {
			isa = XCBuildConfiguration;
			buildSettings = {
				BUNDLE_LOADER = "$(BUILT_PRODUCTS_DIR)/CountDown.app/CountDown";
				FRAMEWORK_SEARCH_PATHS = (
					"$(SDKROOT)/Developer/Library/Frameworks",
					"$(inherited)",
					"$(DEVELOPER_FRAMEWORKS_DIR)",
				);
				GCC_PRECOMPILE_PREFIX_HEADER = YES;
				GCC_PREFIX_HEADER = "CountDown/CountDown-Prefix.pch";
				GCC_PREPROCESSOR_DEFINITIONS = (
					"DEBUG=1",
					"$(inherited)",
				);
				INFOPLIST_FILE = "CountDownTests/CountDownTests-Info.plist";
				PRODUCT_NAME = "$(TARGET_NAME)";
				TEST_HOST = "$(BUNDLE_LOADER)";
				WRAPPER_EXTENSION = xctest;
			};
			name = Debug;
		};
		63E132041905894500682160 /* Release */ = {
			isa = XCBuildConfiguration;
			buildSettings = {
				BUNDLE_LOADER = "$(BUILT_PRODUCTS_DIR)/CountDown.app/CountDown";
				FRAMEWORK_SEARCH_PATHS = (
					"$(SDKROOT)/Developer/Library/Frameworks",
					"$(inherited)",
					"$(DEVELOPER_FRAMEWORKS_DIR)",
				);
				GCC_PRECOMPILE_PREFIX_HEADER = YES;
				GCC_PREFIX_HEADER = "CountDown/CountDown-Prefix.pch";
				INFOPLIST_FILE = "CountDownTests/CountDownTests-Info.plist";
				PRODUCT_NAME = "$(TARGET_NAME)";
				TEST_HOST = "$(BUNDLE_LOADER)";
				WRAPPER_EXTENSION = xctest;
			};
			name = Release;
		};
/* End XCBuildConfiguration section */

/* Begin XCConfigurationList section */
		63E131C81905894500682160 /* Build configuration list for PBXProject "CountDown" */ = {
			isa = XCConfigurationList;
			buildConfigurations = (
				63E131FD1905894500682160 /* Debug */,
				63E131FE1905894500682160 /* Release */,
			);
			defaultConfigurationIsVisible = 0;
			defaultConfigurationName = Release;
		};
		63E131FF1905894500682160 /* Build configuration list for PBXNativeTarget "CountDown" */ = {
			isa = XCConfigurationList;
			buildConfigurations = (
				63E132001905894500682160 /* Debug */,
				63E132011905894500682160 /* Release */,
			);
			defaultConfigurationIsVisible = 0;
		};
		63E132021905894500682160 /* Build configuration list for PBXNativeTarget "CountDownTests" */ = {
			isa = XCConfigurationList;
			buildConfigurations = (
				63E132031905894500682160 /* Debug */,
				63E132041905894500682160 /* Release */,
			);
			defaultConfigurationIsVisible = 0;
		};
/* End XCConfigurationList section */
	};
	rootObject = 63E131C51905894500682160 /* Project object */;
}
